
Microsoft Visual Studio Solution File, Format Version 12.00
# Visual Studio Version 16
VisualStudioVersion = 16.0.31515.178
MinimumVisualStudioVersion = 10.0.40219.1
Project("{FAE04EC0-301F-11D3-BF4B-00C04F79EFBC}") = "Collections", "Collections\Collections.csproj", "{1BF3C197-077F-44D0-9386-DBBBB6F4A2F6}"
EndProject
Global
	GlobalSection(SolutionConfigurationPlatforms) = preSolution
		Debug|Any CPU = Debug|Any CPU
		Release|Any CPU = Release|Any CPU
	EndGlobalSection
	GlobalSection(ProjectConfigurationPlatforms) = postSolution
		{1BF3C197-077F-44D0-9386-DBBBB6F4A2F6}.Debug|Any CPU.ActiveCfg = Debug|Any CPU
		{1BF3C197-077F-44D0-9386-DBBBB6F4A2F6}.Debug|Any CPU.Build.0 = Debug|Any CPU
		{1BF3C197-077F-44D0-9386-DBBBB6F4A2F6}.Release|Any CPU.ActiveCfg = Release|Any CPU
		{1BF3C197-077F-44D0-9386-DBBBB6F4A2F6}.Release|Any CPU.Build.0 = Release|Any CPU
	EndGlobalSection
	GlobalSection(SolutionProperties) = preSolution
		HideSolutionNode = FALSE
	EndGlobalSection
	GlobalSection(ExtensibilityGlobals) = postSolution
		SolutionGuid = {B8DB3DB9-1683-4318-8017-2AECE03E19AF}
	EndGlobalSection
EndGlobal
